
Microsoft Visual Studio Solution File, Format Version 12.00
# Visual Studio Version 17
VisualStudioVersion = 17.6.33712.159
MinimumVisualStudioVersion = 10.0.40219.1
Project("{9A19103F-16F7-4668-BE54-9A1E7A4F7556}") = "TinyUrl.Web", "TinyUrl.Web\TinyUrl.Web.csproj", "{B1DBF0FB-41D0-47DE-9335-6AF2D8D2E274}"
EndProject
Global
	GlobalSection(SolutionConfigurationPlatforms) = preSolution
		Debug|Any CPU = Debug|Any CPU
		Release|Any CPU = Release|Any CPU
	EndGlobalSection
	GlobalSection(ProjectConfigurationPlatforms) = postSolution
		{B1DBF0FB-41D0-47DE-9335-6AF2D8D2E274}.Debug|Any CPU.ActiveCfg = Debug|Any CPU
		{B1DBF0FB-41D0-47DE-9335-6AF2D8D2E274}.Debug|Any CPU.Build.0 = Debug|Any CPU
		{B1DBF0FB-41D0-47DE-9335-6AF2D8D2E274}.Release|Any CPU.ActiveCfg = Release|Any CPU
		{B1DBF0FB-41D0-47DE-9335-6AF2D8D2E274}.Release|Any CPU.Build.0 = Release|Any CPU
	EndGlobalSection
	GlobalSection(SolutionProperties) = preSolution
		HideSolutionNode = FALSE
	EndGlobalSection
	GlobalSection(ExtensibilityGlobals) = postSolution
		SolutionGuid = {BCFE544D-B761-427F-94A4-0BA73547CA82}
	EndGlobalSection
EndGlobal
